// !$*UTF8*$!
{
	archiveVersion = 1;
	classes = {
	};
	objectVersion = 50;
	objects = {

/* Begin PBXBuildFile section */
		05873A6D208BBD4F0029BED6 /* AppDelegate.swift in Sources */ = {isa = PBXBuildFile; fileRef = 05873A6C208BBD4F0029BED6 /* AppDelegate.swift */; };
		05873A6F208BBD4F0029BED6 /* ViewController.swift in Sources */ = {isa = PBXBuildFile; fileRef = 05873A6E208BBD4F0029BED6 /* ViewController.swift */; };
		05873A72208BBD4F0029BED6 /* Main.storyboard in Resources */ = {isa = PBXBuildFile; fileRef = 05873A70208BBD4F0029BED6 /* Main.storyboard */; };
		05873A74208BBD510029BED6 /* Assets.xcassets in Resources */ = {isa = PBXBuildFile; fileRef = 05873A73208BBD510029BED6 /* Assets.xcassets */; };
		05873A77208BBD510029BED6 /* LaunchScreen.storyboard in Resources */ = {isa = PBXBuildFile; fileRef = 05873A75208BBD510029BED6 /* LaunchScreen.storyboard */; };
		05873A84208CF35F0029BED6 /* Constants.swift in Sources */ = {isa = PBXBuildFile; fileRef = 05873A83208CF35F0029BED6 /* Constants.swift */; };
		94236B11ED8F8BDFC1AEB5CE /* Pods_FreestarInterstitialApp.framework in Frameworks */ = {isa = PBXBuildFile; fileRef = 98E5090B85BD75DDF7858FC9 /* Pods_FreestarInterstitialApp.framework */; };
/* End PBXBuildFile section */

/* Begin PBXFileReference section */
		05873A69208BBD4F0029BED6 /* FreestarInterstitialApp.app */ = {isa = PBXFileReference; explicitFileType = wrapper.application; includeInIndex = 0; path = FreestarInterstitialApp.app; sourceTree = BUILT_PRODUCTS_DIR; };
		05873A6C208BBD4F0029BED6 /* AppDelegate.swift */ = {isa = PBXFileReference; lastKnownFileType = sourcecode.swift; path = AppDelegate.swift; sourceTree = "<group>"; };
		05873A6E208BBD4F0029BED6 /* ViewController.swift */ = {isa = PBXFileReference; lastKnownFileType = sourcecode.swift; path = ViewController.swift; sourceTree = "<group>"; };
		05873A71208BBD4F0029BED6 /* Base */ = {isa = PBXFileReference; lastKnownFileType = file.storyboard; name = Base; path = Base.lproj/Main.storyboard; sourceTree = "<group>"; };
		05873A73208BBD510029BED6 /* Assets.xcassets */ = {isa = PBXFileReference; lastKnownFileType = folder.assetcatalog; path = Assets.xcassets; sourceTree = "<group>"; };
		05873A76208BBD510029BED6 /* Base */ = {isa = PBXFileReference; lastKnownFileType = file.storyboard; name = Base; path = Base.lproj/LaunchScreen.storyboard; sourceTree = "<group>"; };
		05873A78208BBD510029BED6 /* Info.plist */ = {isa = PBXFileReference; lastKnownFileType = text.plist.xml; path = Info.plist; sourceTree = "<group>"; };
		05873A83208CF35F0029BED6 /* Constants.swift */ = {isa = PBXFileReference; lastKnownFileType = sourcecode.swift; path = Constants.swift; sourceTree = "<group>"; };
		98E5090B85BD75DDF7858FC9 /* Pods_FreestarInterstitialApp.framework */ = {isa = PBXFileReference; explicitFileType = wrapper.framework; includeInIndex = 0; path = Pods_FreestarInterstitialApp.framework; sourceTree = BUILT_PRODUCTS_DIR; };
		CD266B37014437ED147F56FE /* Pods-FreestarInterstitialApp.release.xcconfig */ = {isa = PBXFileReference; includeInIndex = 1; lastKnownFileType = text.xcconfig; name = "Pods-FreestarInterstitialApp.release.xcconfig"; path = "Pods/Target Support Files/Pods-FreestarInterstitialApp/Pods-FreestarInterstitialApp.release.xcconfig"; sourceTree = "<group>"; };
		F1E7B10DA10F57644CC5FEA1 /* Pods-FreestarInterstitialApp.debug.xcconfig */ = {isa = PBXFileReference; includeInIndex = 1; lastKnownFileType = text.xcconfig; name = "Pods-FreestarInterstitialApp.debug.xcconfig"; path = "Pods/Target Support Files/Pods-FreestarInterstitialApp/Pods-FreestarInterstitialApp.debug.xcconfig"; sourceTree = "<group>"; };
/* End PBXFileReference section */

/* Begin PBXFrameworksBuildPhase section */
		05873A66208BBD4F0029BED6 /* Frameworks */ = {
			isa = PBXFrameworksBuildPhase;
			buildActionMask = 2147483647;
			files = (
				94236B11ED8F8BDFC1AEB5CE /* Pods_FreestarInterstitialApp.framework in Frameworks */,
			);
			runOnlyForDeploymentPostprocessing = 0;
		};
/* End PBXFrameworksBuildPhase section */

/* Begin PBXGroup section */
		05873A60208BBD4F0029BED6 = {
			isa = PBXGroup;
			children = (
				05873A6B208BBD4F0029BED6 /* FreestarInterstitialApp */,
				05873A6A208BBD4F0029BED6 /* Products */,
				7028782731DEEBDDB648030C /* Pods */,
				D63B41F6CCA25A7ABD5BCBCC /* Frameworks */,
			);
			sourceTree = "<group>";
		};
		05873A6A208BBD4F0029BED6 /* Products */ = {
			isa = PBXGroup;
			children = (
				05873A69208BBD4F0029BED6 /* FreestarInterstitialApp.app */,
			);
			name = Products;
			sourceTree = "<group>";
		};
		05873A6B208BBD4F0029BED6 /* FreestarInterstitialApp */ = {
			isa = PBXGroup;
			children = (
				05873A6C208BBD4F0029BED6 /* AppDelegate.swift */,
				05873A6E208BBD4F0029BED6 /* ViewController.swift */,
				05873A70208BBD4F0029BED6 /* Main.storyboard */,
				05873A73208BBD510029BED6 /* Assets.xcassets */,
				05873A75208BBD510029BED6 /* LaunchScreen.storyboard */,
				05873A78208BBD510029BED6 /* Info.plist */,
				05873A83208CF35F0029BED6 /* Constants.swift */,
			);
			path = FreestarInterstitialApp;
			sourceTree = "<group>";
		};
		7028782731DEEBDDB648030C /* Pods */ = {
			isa = PBXGroup;
			children = (
				F1E7B10DA10F57644CC5FEA1 /* Pods-FreestarInterstitialApp.debug.xcconfig */,
				CD266B37014437ED147F56FE /* Pods-FreestarInterstitialApp.release.xcconfig */,
			);
			name = Pods;
			sourceTree = "<group>";
		};
		D63B41F6CCA25A7ABD5BCBCC /* Frameworks */ = {
			isa = PBXGroup;
			children = (
				98E5090B85BD75DDF7858FC9 /* Pods_FreestarInterstitialApp.framework */,
			);
			name = Frameworks;
			sourceTree = "<group>";
		};
/* End PBXGroup section */

/* Begin PBXNativeTarget section */
		05873A68208BBD4F0029BED6 /* FreestarInterstitialApp */ = {
			isa = PBXNativeTarget;
			buildConfigurationList = 05873A7B208BBD510029BED6 /* Build configuration list for PBXNativeTarget "FreestarInterstitialApp" */;
			buildPhases = (
				6CD3B03B9FB1ABF7708C85FC /* [CP] Check Pods Manifest.lock */,
				05873A65208BBD4F0029BED6 /* Sources */,
				05873A66208BBD4F0029BED6 /* Frameworks */,
				05873A67208BBD4F0029BED6 /* Resources */,
				AE57F7F729D042148864F954 /* [CP] Embed Pods Frameworks */,
			);
			buildRules = (
			);
			dependencies = (
			);
			name = FreestarInterstitialApp;
			productName = FreestarBannerApp;
			productReference = 05873A69208BBD4F0029BED6 /* FreestarInterstitialApp.app */;
			productType = "com.apple.product-type.application";
		};
/* End PBXNativeTarget section */

/* Begin PBXProject section */
		05873A61208BBD4F0029BED6 /* Project object */ = {
			isa = PBXProject;
			attributes = {
				LastSwiftUpdateCheck = 0930;
				LastUpgradeCheck = 0930;
				ORGANIZATIONNAME = Freestar;
				TargetAttributes = {
					05873A68208BBD4F0029BED6 = {
						CreatedOnToolsVersion = 9.3;
					};
				};
			};
			buildConfigurationList = 05873A64208BBD4F0029BED6 /* Build configuration list for PBXProject "FreestarInterstitialApp" */;
			compatibilityVersion = "Xcode 9.3";
			developmentRegion = en;
			hasScannedForEncodings = 0;
			knownRegions = (
				en,
				Base,
			);
			mainGroup = 05873A60208BBD4F0029BED6;
			productRefGroup = 05873A6A208BBD4F0029BED6 /* Products */;
			projectDirPath = "";
			projectRoot = "";
			targets = (
				05873A68208BBD4F0029BED6 /* FreestarInterstitialApp */,
			);
		};
/* End PBXProject section */

/* Begin PBXResourcesBuildPhase section */
		05873A67208BBD4F0029BED6 /* Resources */ = {
			isa = PBXResourcesBuildPhase;
			buildActionMask = 2147483647;
			files = (
				05873A77208BBD510029BED6 /* LaunchScreen.storyboard in Resources */,
				05873A74208BBD510029BED6 /* Assets.xcassets in Resources */,
				05873A72208BBD4F0029BED6 /* Main.storyboard in Resources */,
			);
			runOnlyForDeploymentPostprocessing = 0;
		};
/* End PBXResourcesBuildPhase section */

/* Begin PBXShellScriptBuildPhase section */
		6CD3B03B9FB1ABF7708C85FC /* [CP] Check Pods Manifest.lock */ = {
			isa = PBXShellScriptBuildPhase;
			buildActionMask = 2147483647;
			files = (
			);
			inputPaths = (
				"${PODS_PODFILE_DIR_PATH}/Podfile.lock",
				"${PODS_ROOT}/Manifest.lock",
			);
			name = "[CP] Check Pods Manifest.lock";
			outputPaths = (
				"$(DERIVED_FILE_DIR)/Pods-FreestarInterstitialApp-checkManifestLockResult.txt",
			);
			runOnlyForDeploymentPostprocessing = 0;
			shellPath = /bin/sh;
			shellScript = "diff \"${PODS_PODFILE_DIR_PATH}/Podfile.lock\" \"${PODS_ROOT}/Manifest.lock\" > /dev/null\nif [ $? != 0 ] ; then\n    # print error to STDERR\n    echo \"error: The sandbox is not in sync with the Podfile.lock. Run 'pod install' or update your CocoaPods installation.\" >&2\n    exit 1\nfi\n# This output is used by Xcode 'outputs' to avoid re-running this script phase.\necho \"SUCCESS\" > \"${SCRIPT_OUTPUT_FILE_0}\"\n";
			showEnvVarsInLog = 0;
		};
		AE57F7F729D042148864F954 /* [CP] Embed Pods Frameworks */ = {
			isa = PBXShellScriptBuildPhase;
			buildActionMask = 2147483647;
			files = (
			);
			inputPaths = (
				"${SRCROOT}/Pods/Target Support Files/Pods-FreestarInterstitialApp/Pods-FreestarInterstitialApp-frameworks.sh",
				"${PODS_ROOT}/FSAdSDK/SDK/FSCommon.framework",
				"${PODS_ROOT}/FSAdSDK/SDK/FSDFP.framework",
				"${PODS_ROOT}/FSAdSDK/SDK/FSAdSDK.framework",
				"${PODS_ROOT}/FSCache/build/FSCache.framework",
				"${BUILT_PRODUCTS_DIR}/PrebidMobileFS/PrebidMobileFS.framework",
				"${BUILT_PRODUCTS_DIR}/Protobuf/Protobuf.framework",
			);
			name = "[CP] Embed Pods Frameworks";
			outputPaths = (
				"${TARGET_BUILD_DIR}/${FRAMEWORKS_FOLDER_PATH}/FSCommon.framework",
				"${TARGET_BUILD_DIR}/${FRAMEWORKS_FOLDER_PATH}/FSDFP.framework",
				"${TARGET_BUILD_DIR}/${FRAMEWORKS_FOLDER_PATH}/FSAdSDK.framework",
				"${TARGET_BUILD_DIR}/${FRAMEWORKS_FOLDER_PATH}/FSCache.framework",
				"${TARGET_BUILD_DIR}/${FRAMEWORKS_FOLDER_PATH}/PrebidMobileFS.framework",
				"${TARGET_BUILD_DIR}/${FRAMEWORKS_FOLDER_PATH}/Protobuf.framework",
			);
			runOnlyForDeploymentPostprocessing = 0;
			shellPath = /bin/sh;
			shellScript = "\"${SRCROOT}/Pods/Target Support Files/Pods-FreestarInterstitialApp/Pods-FreestarInterstitialApp-frameworks.sh\"\n";
			showEnvVarsInLog = 0;
		};
/* End PBXShellScriptBuildPhase section */

/* Begin PBXSourcesBuildPhase section */
		05873A65208BBD4F0029BED6 /* Sources */ = {
			isa = PBXSourcesBuildPhase;
			buildActionMask = 2147483647;
			files = (
				05873A6F208BBD4F0029BED6 /* ViewController.swift in Sources */,
				05873A6D208BBD4F0029BED6 /* AppDelegate.swift in Sources */,
				05873A84208CF35F0029BED6 /* Constants.swift in Sources */,
			);
			runOnlyForDeploymentPostprocessing = 0;
		};
/* End PBXSourcesBuildPhase section */

/* Begin PBXVariantGroup section */
		05873A70208BBD4F0029BED6 /* Main.storyboard */ = {
			isa = PBXVariantGroup;
			children = (
				05873A71208BBD4F0029BED6 /* Base */,
			);
			name = Main.storyboard;
			sourceTree = "<group>";
		};
		05873A75208BBD510029BED6 /* LaunchScreen.storyboard */ = {
			isa = PBXVariantGroup;
			children = (
				05873A76208BBD510029BED6 /* Base */,
			);
			name = LaunchScreen.storyboard;
			sourceTree = "<group>";
		};
/* End PBXVariantGroup section */

/* Begin XCBuildConfiguration section */
		05873A79208BBD510029BED6 /* Debug */ = {
			isa = XCBuildConfiguration;
			buildSettings = {
				ALWAYS_SEARCH_USER_PATHS = NO;
				CLANG_ANALYZER_NONNULL = YES;
				CLANG_ANALYZER_NUMBER_OBJECT_CONVERSION = YES_AGGRESSIVE;
				CLANG_CXX_LANGUAGE_STANDARD = "gnu++14";
				CLANG_CXX_LIBRARY = "libc++";
				CLANG_ENABLE_MODULES = YES;
				CLANG_ENABLE_OBJC_ARC = YES;
				CLANG_ENABLE_OBJC_WEAK = YES;
				CLANG_WARN_BLOCK_CAPTURE_AUTORELEASING = YES;
				CLANG_WARN_BOOL_CONVERSION = YES;
				CLANG_WARN_COMMA = YES;
				CLANG_WARN_CONSTANT_CONVERSION = YES;
				CLANG_WARN_DEPRECATED_OBJC_IMPLEMENTATIONS = YES;
				CLANG_WARN_DIRECT_OBJC_ISA_USAGE = YES_ERROR;
				CLANG_WARN_DOCUMENTATION_COMMENTS = YES;
				CLANG_WARN_EMPTY_BODY = YES;
				CLANG_WARN_ENUM_CONVERSION = YES;
				CLANG_WARN_INFINITE_RECURSION = YES;
				CLANG_WARN_INT_CONVERSION = YES;
				CLANG_WARN_NON_LITERAL_NULL_CONVERSION = YES;
				CLANG_WARN_OBJC_IMPLICIT_RETAIN_SELF = YES;
				CLANG_WARN_OBJC_LITERAL_CONVERSION = YES;
				CLANG_WARN_OBJC_ROOT_CLASS = YES_ERROR;
				CLANG_WARN_RANGE_LOOP_ANALYSIS = YES;
				CLANG_WARN_STRICT_PROTOTYPES = YES;
				CLANG_WARN_SUSPICIOUS_MOVE = YES;
				CLANG_WARN_UNGUARDED_AVAILABILITY = YES_AGGRESSIVE;
				CLANG_WARN_UNREACHABLE_CODE = YES;
				CLANG_WARN__DUPLICATE_METHOD_MATCH = YES;
				CODE_SIGN_IDENTITY = "iPhone Developer";
				COPY_PHASE_STRIP = NO;
				DEBUG_INFORMATION_FORMAT = dwarf;
				ENABLE_STRICT_OBJC_MSGSEND = YES;
				ENABLE_TESTABILITY = YES;
				GCC_C_LANGUAGE_STANDARD = gnu11;
				GCC_DYNAMIC_NO_PIC = NO;
				GCC_NO_COMMON_BLOCKS = YES;
				GCC_OPTIMIZATION_LEVEL = 0;
				GCC_PREPROCESSOR_DEFINITIONS = (
					"DEBUG=1",
					"$(inherited)",
				);
				GCC_WARN_64_TO_32_BIT_CONVERSION = YES;
				GCC_WARN_ABOUT_RETURN_TYPE = YES_ERROR;
				GCC_WARN_UNDECLARED_SELECTOR = YES;
				GCC_WARN_UNINITIALIZED_AUTOS = YES_AGGRESSIVE;
				GCC_WARN_UNUSED_FUNCTION = YES;
				GCC_WARN_UNUSED_VARIABLE = YES;
				IPHONEOS_DEPLOYMENT_TARGET = 11.3;
				MTL_ENABLE_DEBUG_INFO = YES;
				ONLY_ACTIVE_ARCH = YES;
				SDKROOT = iphoneos;
				SWIFT_ACTIVE_COMPILATION_CONDITIONS = DEBUG;
				SWIFT_OPTIMIZATION_LEVEL = "-Onone";
			};
			name = Debug;
		};
		05873A7A208BBD510029BED6 /* Release */ = {
			isa = XCBuildConfiguration;
			buildSettings = {
				ALWAYS_SEARCH_USER_PATHS = NO;
				CLANG_ANALYZER_NONNULL = YES;
				CLANG_ANALYZER_NUMBER_OBJECT_CONVERSION = YES_AGGRESSIVE;
				CLANG_CXX_LANGUAGE_STANDARD = "gnu++14";
				CLANG_CXX_LIBRARY = "libc++";
				CLANG_ENABLE_MODULES = YES;
				CLANG_ENABLE_OBJC_ARC = YES;
				CLANG_ENABLE_OBJC_WEAK = YES;
				CLANG_WARN_BLOCK_CAPTURE_AUTORELEASING = YES;
				CLANG_WARN_BOOL_CONVERSION = YES;
				CLANG_WARN_COMMA = YES;
				CLANG_WARN_CONSTANT_CONVERSION = YES;
				CLANG_WARN_DEPRECATED_OBJC_IMPLEMENTATIONS = YES;
				CLANG_WARN_DIRECT_OBJC_ISA_USAGE = YES_ERROR;
				CLANG_WARN_DOCUMENTATION_COMMENTS = YES;
				CLANG_WARN_EMPTY_BODY = YES;
				CLANG_WARN_ENUM_CONVERSION = YES;
				CLANG_WARN_INFINITE_RECURSION = YES;
				CLANG_WARN_INT_CONVERSION = YES;
				CLANG_WARN_NON_LITERAL_NULL_CONVERSION = YES;
				CLANG_WARN_OBJC_IMPLICIT_RETAIN_SELF = YES;
				CLANG_WARN_OBJC_LITERAL_CONVERSION = YES;
				CLANG_WARN_OBJC_ROOT_CLASS = YES_ERROR;
				CLANG_WARN_RANGE_LOOP_ANALYSIS = YES;
				CLANG_WARN_STRICT_PROTOTYPES = YES;
				CLANG_WARN_SUSPICIOUS_MOVE = YES;
				CLANG_WARN_UNGUARDED_AVAILABILITY = YES_AGGRESSIVE;
				CLANG_WARN_UNREACHABLE_CODE = YES;
				CLANG_WARN__DUPLICATE_METHOD_MATCH = YES;
				CODE_SIGN_IDENTITY = "iPhone Developer";
				COPY_PHASE_STRIP = NO;
				DEBUG_INFORMATION_FORMAT = "dwarf-with-dsym";
				ENABLE_NS_ASSERTIONS = NO;
				ENABLE_STRICT_OBJC_MSGSEND = YES;
				GCC_C_LANGUAGE_STANDARD = gnu11;
				GCC_NO_COMMON_BLOCKS = YES;
				GCC_WARN_64_TO_32_BIT_CONVERSION = YES;
				GCC_WARN_ABOUT_RETURN_TYPE = YES_ERROR;
				GCC_WARN_UNDECLARED_SELECTOR = YES;
				GCC_WARN_UNINITIALIZED_AUTOS = YES_AGGRESSIVE;
				GCC_WARN_UNUSED_FUNCTION = YES;
				GCC_WARN_UNUSED_VARIABLE = YES;
				IPHONEOS_DEPLOYMENT_TARGET = 11.3;
				MTL_ENABLE_DEBUG_INFO = NO;
				SDKROOT = iphoneos;
				SWIFT_COMPILATION_MODE = wholemodule;
				SWIFT_OPTIMIZATION_LEVEL = "-O";
				VALIDATE_PRODUCT = YES;
			};
			name = Release;
		};
		05873A7C208BBD510029BED6 /* Debug */ = {
			isa = XCBuildConfiguration;
			baseConfigurationReference = F1E7B10DA10F57644CC5FEA1 /* Pods-FreestarInterstitialApp.debug.xcconfig */;
			buildSettings = {
				ASSETCATALOG_COMPILER_APPICON_NAME = AppIcon;
				CODE_SIGN_STYLE = Automatic;
				DEVELOPMENT_TEAM = FLA943DDZ8;
				GCC_PREPROCESSOR_DEFINITIONS = (
					"$(inherited)",
					"COCOAPODS=1",
					"$(inherited)",
					"GPB_USE_PROTOBUF_FRAMEWORK_IMPORTS=1",
				);
				INFOPLIST_FILE = FreestarInterstitialApp/Info.plist;
				IPHONEOS_DEPLOYMENT_TARGET = 9.0;
				LD_RUNPATH_SEARCH_PATHS = "$(inherited) @executable_path/Frameworks";
				PRODUCT_BUNDLE_IDENTIFIER = "io.freestar.mobile.Freestar-News";
				PRODUCT_NAME = "$(TARGET_NAME)";
				SWIFT_VERSION = 4.2;
				TARGETED_DEVICE_FAMILY = "1,2";
			};
			name = Debug;
		};
		05873A7D208BBD510029BED6 /* Release */ = {
			isa = XCBuildConfiguration;
			baseConfigurationReference = CD266B37014437ED147F56FE /* Pods-FreestarInterstitialApp.release.xcconfig */;
			buildSettings = {
				ASSETCATALOG_COMPILER_APPICON_NAME = AppIcon;
				CODE_SIGN_STYLE = Automatic;
				DEVELOPMENT_TEAM = FLA943DDZ8;
				INFOPLIST_FILE = FreestarInterstitialApp/Info.plist;
				IPHONEOS_DEPLOYMENT_TARGET = 9.0;
				LD_RUNPATH_SEARCH_PATHS = "$(inherited) @executable_path/Frameworks";
				PRODUCT_BUNDLE_IDENTIFIER = "io.freestar.mobile.Freestar-News";
				PRODUCT_NAME = "$(TARGET_NAME)";
				SWIFT_VERSION = 4.2;
				TARGETED_DEVICE_FAMILY = "1,2";
			};
			name = Release;
		};
/* End XCBuildConfiguration section */

/* Begin XCConfigurationList section */
		05873A64208BBD4F0029BED6 /* Build configuration list for PBXProject "FreestarInterstitialApp" */ = {
			isa = XCConfigurationList;
			buildConfigurations = (
				05873A79208BBD510029BED6 /* Debug */,
				05873A7A208BBD510029BED6 /* Release */,
			);
			defaultConfigurationIsVisible = 0;
			defaultConfigurationName = Release;
		};
		05873A7B208BBD510029BED6 /* Build configuration list for PBXNativeTarget "FreestarInterstitialApp" */ = {
			isa = XCConfigurationList;
			buildConfigurations = (
				05873A7C208BBD510029BED6 /* Debug */,
				05873A7D208BBD510029BED6 /* Release */,
			);
			defaultConfigurationIsVisible = 0;
			defaultConfigurationName = Release;
		};
/* End XCConfigurationList section */
	};
	rootObject = 05873A61208BBD4F0029BED6 /* Project object */;
}
